
Microsoft Visual Studio Solution File, Format Version 12.00
# Visual Studio Version 17
VisualStudioVersion = 17.2.32602.215
MinimumVisualStudioVersion = 10.0.40219.1
Project("{FAE04EC0-301F-11D3-BF4B-00C04F79EFBC}") = "WindowsFormsCrudAluno", "WindowsFormsCrudAluno\WindowsFormsCrudAluno.csproj", "{06FF75FB-B8EC-4DBD-886F-BC44D59ED251}"
EndProject
Global
	GlobalSection(SolutionConfigurationPlatforms) = preSolution
		Debug|Any CPU = Debug|Any CPU
		Release|Any CPU = Release|Any CPU
	EndGlobalSection
	GlobalSection(ProjectConfigurationPlatforms) = postSolution
		{06FF75FB-B8EC-4DBD-886F-BC44D59ED251}.Debug|Any CPU.ActiveCfg = Debug|Any CPU
		{06FF75FB-B8EC-4DBD-886F-BC44D59ED251}.Debug|Any CPU.Build.0 = Debug|Any CPU
		{06FF75FB-B8EC-4DBD-886F-BC44D59ED251}.Release|Any CPU.ActiveCfg = Release|Any CPU
		{06FF75FB-B8EC-4DBD-886F-BC44D59ED251}.Release|Any CPU.Build.0 = Release|Any CPU
	EndGlobalSection
	GlobalSection(SolutionProperties) = preSolution
		HideSolutionNode = FALSE
	EndGlobalSection
	GlobalSection(ExtensibilityGlobals) = postSolution
		SolutionGuid = {0998DD9E-8719-4DDC-BBA1-FAD228F4B5F4}
	EndGlobalSection
EndGlobal
